dependencies:
- name: postgresql
  repository: oci://registry-1.docker.io/bitnamicharts
  version: 13.1.5
- name: schemahero
  repository: oci://ghcr.io/schemahero/helm
  version: 1.3.1
digest: sha256:33b0d790aeefb568ed739824105867f7de7284fcd20f18abcfcd1a1b3c7bdf90
generated: "2023-10-26T14:19:48.218578484+02:00"
